
Microsoft Visual Studio Solution File, Format Version 12.00
# Visual Studio Version 16
VisualStudioVersion = 16.0.33328.57
MinimumVisualStudioVersion = 10.0.40219.1
Project("{FAE04EC0-301F-11D3-BF4B-00C04F79EFBC}") = "EY Day 2", "EY Day 2\EY Day 2.csproj", "{C35612B0-AB8B-44F5-AA1D-32EB5B0080D9}"
EndProject
Global
	GlobalSection(SolutionConfigurationPlatforms) = preSolution
		Debug|Any CPU = Debug|Any CPU
		Release|Any CPU = Release|Any CPU
	EndGlobalSection
	GlobalSection(ProjectConfigurationPlatforms) = postSolution
		{C35612B0-AB8B-44F5-AA1D-32EB5B0080D9}.Debug|Any CPU.ActiveCfg = Debug|Any CPU
		{C35612B0-AB8B-44F5-AA1D-32EB5B0080D9}.Debug|Any CPU.Build.0 = Debug|Any CPU
		{C35612B0-AB8B-44F5-AA1D-32EB5B0080D9}.Release|Any CPU.ActiveCfg = Release|Any CPU
		{C35612B0-AB8B-44F5-AA1D-32EB5B0080D9}.Release|Any CPU.Build.0 = Release|Any CPU
	EndGlobalSection
	GlobalSection(SolutionProperties) = preSolution
		HideSolutionNode = FALSE
	EndGlobalSection
	GlobalSection(ExtensibilityGlobals) = postSolution
		SolutionGuid = {D21A9D14-5C62-461C-8301-D6CD98B26A80}
	EndGlobalSection
EndGlobal
